github.com/anatol/vmtest v0.0.0-20210623221036-69fc760fbd4b/go.mod h1:l08qtd2JHjoYWIROnbKoKCUqIbe54ndrXwDdyiDfq30=
github.com/beevik/ntp v0.2.0 h1:sGsd+kAXzT0bfVfzJfce04g+dSRfrs+tbQW8lweuYgw=
github.com/beevik/ntp v0.2.0/go.mod h1:hIHWr+l3+/clUnF44zdK+CWW7fO8dR5cIylAQ76NRpg=
github.com/creack/pty v1.1.9/go.mod h1:oKZEueFk5CKHvIhNR5MUki03XCEU+Q6VDXinZuGJ33E=
github.com/davecgh/go-spew v1.1.0/go.mod h1:J7Y8YcW2NihsgmVo/mv3lAwl/skON4iLHjSsI+c5H38=
github.com/davecgh/go-spew v1.1.1/go.mod h1:J7Y8YcW2NihsgmVo/mv3lAwl/skON4iLHjSsI+c5H38=
github.com/go-playground/assert/v2 v2.0.1/go.mod h1:VDjEfimB/XKnb+ZQfWdccd7VUvScMdVu0Titje2rxJ4=
github.com/go-playground/locales v0.14.0 h1:u50s323jtVGugKlcYeyzC0etD1HifMjqmJqb8WugfUU=
github.com/go-playground/locales v0.14.0/go.mod h1:sawfccIbzZTqEDETgFXqTho0QybSa7l++s0DH+LDiLs=
github.com/go-playground/universal-translator v0.18.0 h1:82dyy6p4OuJq4/CByFNOn/jYrnRPArHwAcmLoJZxyho=
github.com/go-playground/universal-translator v0.18.0/go.mod h1:UvRDBj+xPUEGrFYl+lu/H90nyDXpg0fqeB/AQUGNTVA=
github.com/go-playground/validator/v10 v10.10.0 h1:I7mrTYv78z8k8VXa/qJlOlEXn/nBh+BF8dHX5nt/dr0=
github.com/go-playground/validator/v10 v10.10.0/go.mod h1:74x4gJWsvQexRdW8Pn3dXSGrTK4nAUsbPlLADvpJkos=
github.com/gokrazy/firmware v0.0.0-20211223033933-c3666ded69d9 h1:x0u9rOqVEJKtSqiPs7/psINRhedQIW5C7jr/FFVq3uM=
github.com/gokrazy/firmware v0.0.0-20211223033933-c3666ded69d9/go.mod h1:nbEte1HMYHF4is+rAadA57SWBONRn7N3kXmafjkusFY=
github.com/gokrazy/gokrazy v0.0.0-20211227082512-604d56adb41c h1:Kd0cSae+eiR6OWb1ZMO7qwLdDF3tqD07EkhStWiASOc=
github.com/gokrazy/gokrazy v0.0.0-20211227082512-604d56adb41c/go.mod h1:JNNzNYJw3sUKc3lRtAeFv79YZI85Q3Og59BG1KBA1ss=
github.com/gokrazy/internal v0.0.0-20210621162516-1b3b5687a06d h1:qk95CKJfxvU5oi3lbrVkEgID5ak1pOjTyPTdaXs6Q9E=
github.com/gokrazy/internal v0.0.0-20210621162516-1b3b5687a06d/go.mod h1:Gqv1x1DNrObmBvVvblpZbvZizZ0dU5PwiwYHipmtY9Y=
github.com/gokrazy/kernel v0.0.0-20211223040203-8fd17980422e h1:gowQOp6BXiZ8bk4CK8/s91tVv5VifRwkDluq+Ri7/bw=
github.com/gokrazy/kernel v0.0.0-20211223040203-8fd17980422e/go.mod h1:9bunbYi8kxZow8AQJl4SiPmglzemYA/f3zrLgKrTmVI=
github.com/gokrazy/rpi-eeprom v0.0.0-20211214033622-94ca5b456cf2 h1:RyXVZoZF65xlYTzUtTbPGTIeLX7lr2nTW55chR32mEM=
github.com/gokrazy/rpi-eeprom v0.0.0-20211214033622-94ca5b456cf2/go.mod h1:vabxV1M+i6S3rGuWoFieHxCJW3jlob3rqe0KV82j+0o=
github.com/google/go-cmp v0.5.5/go.mod h1:v8dTdLbMG2kIc/vJvl+f65V22dbkXbowE6jgT/gNBxE=
github.com/google/gopacket v1.1.16 h1:u6Afvia5C5srlLcbTwpHaFW918asLYPxieziOaWwz8M=
github.com/google/gopacket v1.1.16/go.mod h1:UCLx9mCmAwsVbn6qQl1WIEt2SO7Nd2fD0th1TBAsqBw=
github.com/google/renameio/v2 v2.0.0 h1:UifI23ZTGY8Tt29JbYFiuyIU3eX+RNFtUwefq9qAhxg=
github.com/google/renameio/v2 v2.0.0/go.mod h1:BtmJXm5YlszgC+TD4HOEEUFgkJP3nLxehU6hfe7jRt4=
github.com/jonboulle/clockwork v0.2.2 h1:UOGuzwb1PwsrDAObMuhUnj0p5ULPj8V/xJ7Kx9qUBdQ=
github.com/jonboulle/clockwork v0.2.2/go.mod h1:Pkfl5aHPm1nk2H9h0bjmnJD/BcgbGXUBGnn1kMkgxc8=
github.com/kr/pretty v0.1.0/go.mod h1:dAy3ld7l9f0ibDNOQOHHMYYIIbhfbHSm3C4ZsoJORNo=
github.com/kr/pretty v0.2.1/go.mod h1:ipq/a2n7PKx3OHsz4KJII5eveXtPO4qwEXGdVfWzfnI=
github.com/kr/pretty v0.3.0/go.mod h1:640gp4NfQd8pI5XOwp5fnNeVWj67G7CFk/SaSQn7NBk=
github.com/kr/pty v1.1.1/go.mod h1:pFQYn66WHrOpPYNljwOMqo10TkYh1fy3cYio2l3bCsQ=
github.com/kr/text v0.1.0/go.mod h1:4Jbv+DJW3UT/LiOwJeYQe1efqtUx/iVham/4vfdArNI=
github.com/kr/text v0.2.0/go.mod h1:eLer722TekiGuMkidMxC/pM04lWEeraHUUmBw8l2grE=
github.com/leodido/go-urn v1.2.1 h1:BqpAaACuzVSgi/VLzGZIobT2z4v53pjosyNd9Yv6n/w=
github.com/leodido/go-urn v1.2.1/go.mod h1:zt4jvISO2HfUBqxjfIshjdMTYS56ZS/qv49ictyFfxY=
github.com/mdlayher/raw v0.0.0-20190303161257-764d452d77af h1:20h/EjkLGn9mV5nX9MFnGhbbeEhIGnOKPShJfBtVkVQ=
github.com/mdlayher/raw v0.0.0-20190303161257-764d452d77af/go.mod h1:rC/yE65s/DoHB6BzVOUBNYBGTg772JVytyAytffIZkY=
github.com/mdlayher/watchdog v0.0.0-20201005150459-8bdc4f41966b h1:7tUBfsEEBWfFeHOB7CUfoOamak+Gx/BlirfXyPk1WjI=
github.com/mdlayher/watchdog v0.0.0-20201005150459-8bdc4f41966b/go.mod h1:bmoJUS6qOA3uKFvF3KVuhf7mU1KQirzQMeHXtPyKEqg=
github.com/pkg/diff v0.0.0-20210226163009-20ebb0f2a09e/go.mod h1:pJLUxLENpZxwdsKMEsNbx1VGcRFpLqf3715MtcvvzbA=
github.com/pmezard/go-difflib v1.0.0/go.mod h1:iKH77koFhYxTK1pcRnkKkqfTogsbg7gZNVY4sRDYZ/4=
github.com/rogpeppe/go-internal v1.6.1/go.mod h1:xXDCJY+GAPziupqXw64V24skbSoqbTEfhy4qGm1nDQc=
github.com/rogpeppe/go-internal v1.8.0/go.mod h1:WmiCO8CzOY8rg0OYDC4/i/2WRWAB6poM+XZ2dLUbcbE=
github.com/rtr7/dhcp4 v0.0.0-20181120124042-778e8c2e24a5 h1:/kzTBQ20DbbhSNaBXiFEk2gPrGhY26kajwC1ro/Vlh8=
github.com/rtr7/dhcp4 v0.0.0-20181120124042-778e8c2e24a5/go.mod h1:FwstIpm6vX98QgtR8KEwZcVjiRn2WP76LjXAHj84fK0=
github.com/stretchr/objx v0.1.0/go.mod h1:HFkY916IF+rwdDfMAkV7OtwuqBVzrE8GR6GFx+wExME=
github.com/stretchr/testify v1.5.1/go.mod h1:5W2xD1RspED5o8YsWQXVCued0rvSQ+mT+I5cxcmMvtA=
github.com/stretchr/testify v1.6.1/go.mod h1:6Fq8oRcR53rry900zMqJjRRixrwX3KX962/h/Wwjteg=
github.com/stretchr/testify v1.7.0/go.mod h1:6Fq8oRcR53rry900zMqJjRRixrwX3KX962/h/Wwjteg=
golang.org/x/crypto v0.0.0-20210711020723-a769d52b0f97 h1:/UOmuWzQfxxo9UtlXMwuQU8CMgg1eZXqTRwkSQJWKOI=
golang.org/x/crypto v0.0.0-20210711020723-a769d52b0f97/go.mod h1:GvvjBRRGRdwPK5ydBHafDWAxML/pGHZbMvKqRZ5+Abc=
golang.org/x/net v0.0.0-20210226172049-e18ecbb05110/go.mod h1:m0MpNAwzfU5UDzcl9v0D8zg8gWTRqZa9RBIspLL5mdg=
golang.org/x/net v0.0.0-20210610132358-84b48f89b13b h1:k+E048sYJHyVnsr1GDrRZWQ32D2C7lWs9JRc0bel53A=
golang.org/x/net v0.0.0-20210610132358-84b48f89b13b/go.mod h1:9nx3DQGgdP8bBQD5qxJ1jj9UTztislL4KSBs9R2vV5Y=
golang.org/x/sync v0.0.0-20200317015054-43a5402ce75a/go.mod h1:RxMgew5VJxzue5/jJTE5uejpjVlOe/izrB70Jof72aM=
golang.org/x/sync v0.0.0-20201207232520-09787c993a3a/go.mod h1:RxMgew5VJxzue5/jJTE5uejpjVlOe/izrB70Jof72aM=
golang.org/x/sys v0.0.0-20201005065044-765f4ea38db3/go.mod h1:h1NjWce9XRLGQEsW7wpKNCjG9DtNlClVuFLEZdDNbEs=
golang.org/x/sys v0.0.0-20201119102817-f84b799fce68/go.mod h1:h1NjWce9XRLGQEsW7wpKNCjG9DtNlClVuFLEZdDNbEs=
golang.org/x/sys v0.0.0-20210423082822-04245dca01da/go.mod h1:h1NjWce9XRLGQEsW7wpKNCjG9DtNlClVuFLEZdDNbEs=
golang.org/x/sys v0.0.0-20210615035016-665e8c7367d1/go.mod h1:oPkhp1MJrh7nUepCBck5+mAzfO9JrbApNNgaTdGDITg=
golang.org/x/sys v0.0.0-20210616094352-59db8d763f22/go.mod h1:oPkhp1MJrh7nUepCBck5+mAzfO9JrbApNNgaTdGDITg=
golang.org/x/sys v0.0.0-20210806184541-e5e7981a1069/go.mod h1:oPkhp1MJrh7nUepCBck5+mAzfO9JrbApNNgaTdGDITg=
golang.org/x/sys v0.0.0-20210820121016-41cdb8703e55 h1:rw6UNGRMfarCepjI8qOepea/SXwIBVfTKjztZ5gBbq4=
golang.org/x/sys v0.0.0-20210820121016-41cdb8703e55/go.mod h1:oPkhp1MJrh7nUepCBck5+mAzfO9JrbApNNgaTdGDITg=
golang.org/x/term v0.0.0-20201126162022-7de9c90e9dd1/go.mod h1:bj7SfCRtBDWHUb9snDiAeCFNEtKQo2Wmx5Cou7ajbmo=
golang.org/x/text v0.3.3/go.mod h1:5Zoc/QRtKVWzQhOtBMvqHzDpF6irO9z98xDceosuGiQ=
golang.org/x/text v0.3.6 h1:aRYxNxv6iGQlyVaZmk6ZgYEDa+Jg18DxebPSrd6bg1M=
golang.org/x/text v0.3.6/go.mod h1:5Zoc/QRtKVWzQhOtBMvqHzDpF6irO9z98xDceosuGiQ=
golang.org/x/tools v0.0.0-20180917221912-90fa682c2a6e/go.mod h1:n7NCudcB/nEzxVGmLbDWY5pfWTLqBcC2KZ6jyYvM4mQ=
golang.org/x/xerrors v0.0.0-20191204190536-9bdfabe68543/go.mod h1:I/5z698sn9Ka8TeJc9MKroUUfqBBauWjQqLJ2OPfmY0=
gopkg.in/alexcesaro/quotedprintable.v3 v3.0.0-20150716171945-2caba252f4dc h1:2gGKlE2+asNV9m7xrywl36YYNnBG5ZQ0r/BOOxqPpmk=
gopkg.in/alexcesaro/quotedprintable.v3 v3.0.0-20150716171945-2caba252f4dc/go.mod h1:m7x9LTH6d71AHyAX77c9yqWCCa3UKHcVEj9y7hAtKDk=
gopkg.in/check.v1 v0.0.0-20161208181325-20d25e280405/go.mod h1:Co6ibVJAznAaIkqp8huTwlJQCZ016jof/cbN4VW5Yz0=
gopkg.in/check.v1 v1.0.0-20180628173108-788fd7840127/go.mod h1:Co6ibVJAznAaIkqp8huTwlJQCZ016jof/cbN4VW5Yz0=
gopkg.in/check.v1 v1.0.0-20201130134442-10cb98267c6c/go.mod h1:JHkPIbrfpd72SG/EVd6muEfDQjcINNoR0C8j2r3qZ4Q=
gopkg.in/errgo.v2 v2.1.0/go.mod h1:hNsd1EY+bozCKY1Ytp96fpM3vjJbqLJn88ws8XvfDNI=
gopkg.in/gomail.v2 v2.0.0-20160411212932-81ebce5c23df h1:n7WqCuqOuCbNr617RXOY0AWRXxgwEyPp2z+p0+hgMuE=
gopkg.in/gomail.v2 v2.0.0-20160411212932-81ebce5c23df/go.mod h1:LRQQ+SO6ZHR7tOkpBDuZnXENFzX8qRjMDMyPD6BRkCw=
gopkg.in/yaml.v2 v2.2.2/go.mod h1:hI93XBmqTisBFMUTm0b8Fm+jr3Dg1NNxqwp+5A1VGuI=
gopkg.in/yaml.v3 v3.0.0-20200313102051-9f266ea9e77c/go.mod h1:K4uyk7z7BCEPqu6E+C64Yfv1cQ7kz7rIZviUmN+EgEM=
gopkg.in/yaml.v3 v3.0.0-20210107192922-496545a6307b/go.mod h1:K4uyk7z7BCEPqu6E+C64Yfv1cQ7kz7rIZviUmN+EgEM=
periph.io/x/conn/v3 v3.6.10 h1:gwU4ssmZkq1D/uz8hU91i/COo2c9DrRaS4PJZBbCd+c=
periph.io/x/conn/v3 v3.6.10/go.mod h1:UqWNaPMosWmNCwtufoTSTTYhB2wXWsMRAJyo1PlxO4Q=
periph.io/x/d2xx v0.0.4/go.mod h1:38Euaaj+s6l0faIRHh32a+PrjXvxFTFkPBEQI0TKg34=
periph.io/x/host/v3 v3.7.2 h1:rCAUxkzy2xrzh18HP2AoVwTL/fEKqmcJ1icsZQGM58Q=
periph.io/x/host/v3 v3.7.2/go.mod h1:nHMlzkPwmnHyP9Tn0I8FV+e0N3K7TjFXLZkIWzAicog=
rsc.io/goversion v1.2.0 h1:SPn+NLTiAG7w30IRK/DKp1BjvpWabYgxlLp/+kx5J8w=
rsc.io/goversion v1.2.0/go.mod h1:Eih9y/uIBS3ulggl7KNJ09xGSLcuNaLgmvvqa07sgfo=
